// !$*UTF8*$!
{
	archiveVersion = 1;
	classes = {
	};
	objectVersion = 50;
	objects = {

/* Begin PBXBuildFile section */
		F80E537620EB70010017C5A2 /* AppFonts.swift in Sources */ = {isa = PBXBuildFile; fileRef = F80E537520EB70010017C5A2 /* AppFonts.swift */; };
		F80E537820EB74EF0017C5A2 /* UISearchBar+Styles.swift in Sources */ = {isa = PBXBuildFile; fileRef = F80E537720EB74EF0017C5A2 /* UISearchBar+Styles.swift */; };
		F80E538120EB84B40017C5A2 /* SearchResultViewModel.swift in Sources */ = {isa = PBXBuildFile; fileRef = F80E538020EB84B40017C5A2 /* SearchResultViewModel.swift */; };
		F80E538820EB85010017C5A2 /* SearchResultsCell.swift in Sources */ = {isa = PBXBuildFile; fileRef = F80E538620EB85010017C5A2 /* SearchResultsCell.swift */; };
		F80E538920EB85010017C5A2 /* SearchResultsCell.xib in Resources */ = {isa = PBXBuildFile; fileRef = F80E538720EB85010017C5A2 /* SearchResultsCell.xib */; };
		F80E538B20EB85750017C5A2 /* Throttler.swift in Sources */ = {isa = PBXBuildFile; fileRef = F80E538A20EB85750017C5A2 /* Throttler.swift */; };
		F81427FD20E0D00A0054890E /* AppDelegate.swift in Sources */ = {isa = PBXBuildFile; fileRef = F81427FC20E0D00A0054890E /* AppDelegate.swift */; };
		F814280420E0D00B0054890E /* Assets.xcassets in Resources */ = {isa = PBXBuildFile; fileRef = F814280320E0D00B0054890E /* Assets.xcassets */; };
		F814280720E0D00B0054890E /* LaunchScreen.storyboard in Resources */ = {isa = PBXBuildFile; fileRef = F814280520E0D00B0054890E /* LaunchScreen.storyboard */; };
		F82E83F620F6112F0034AC5B /* AppImage.swift in Sources */ = {isa = PBXBuildFile; fileRef = F82E83F520F6112F0034AC5B /* AppImage.swift */; };
		F86F010320E0D436006A4DD8 /* Coordinator.swift in Sources */ = {isa = PBXBuildFile; fileRef = F86F010220E0D436006A4DD8 /* Coordinator.swift */; };
		F86F010520E0D444006A4DD8 /* AppCoordinator.swift in Sources */ = {isa = PBXBuildFile; fileRef = F86F010420E0D444006A4DD8 /* AppCoordinator.swift */; };
		F86F010920E0D50D006A4DD8 /* WebService.swift in Sources */ = {isa = PBXBuildFile; fileRef = F86F010820E0D50D006A4DD8 /* WebService.swift */; };
		F86F010C20E0D70D006A4DD8 /* Dynamic.swift in Sources */ = {isa = PBXBuildFile; fileRef = F86F010B20E0D70D006A4DD8 /* Dynamic.swift */; };
		F86F011620E0DCB6006A4DD8 /* SearchableViewController.swift in Sources */ = {isa = PBXBuildFile; fileRef = F86F011520E0DCB6006A4DD8 /* SearchableViewController.swift */; };
		F87FE37920F4B28B00FC657A /* URLRequest+Utilities.swift in Sources */ = {isa = PBXBuildFile; fileRef = F87FE37820F4B28B00FC657A /* URLRequest+Utilities.swift */; };
		F87FE37B20F5E5D500FC657A /* SearchResult.swift in Sources */ = {isa = PBXBuildFile; fileRef = F87FE37A20F5E5D500FC657A /* SearchResult.swift */; };
		F895B88B20E2056200D7356A /* AppColors.swift in Sources */ = {isa = PBXBuildFile; fileRef = F895B88A20E2056200D7356A /* AppColors.swift */; };
		F895B88D20E2094E00D7356A /* SearchListViewModel.swift in Sources */ = {isa = PBXBuildFile; fileRef = F895B88C20E2094E00D7356A /* SearchListViewModel.swift */; };
		F895B89120E20A4100D7356A /* SearchGroup.swift in Sources */ = {isa = PBXBuildFile; fileRef = F895B89020E20A4100D7356A /* SearchGroup.swift */; };
		F895B89320E20E9600D7356A /* Photo.swift in Sources */ = {isa = PBXBuildFile; fileRef = F895B89220E20E9600D7356A /* Photo.swift */; };
		F8F1889C20FB1ECB00B81A11 /* UIViewController+Alerts.swift in Sources */ = {isa = PBXBuildFile; fileRef = F8F1889B20FB1ECB00B81A11 /* UIViewController+Alerts.swift */; };
		F8F1889E20FB3A3F00B81A11 /* SearchResultsViewController.swift in Sources */ = {isa = PBXBuildFile; fileRef = F8F1889D20FB3A3F00B81A11 /* SearchResultsViewController.swift */; };
		F8F188A320FB4B5800B81A11 /* HomeViewController.swift in Sources */ = {isa = PBXBuildFile; fileRef = F8F188A220FB4B5800B81A11 /* HomeViewController.swift */; };
		F8F188B020FC1C0300B81A11 /* ImageService.swift in Sources */ = {isa = PBXBuildFile; fileRef = F8F188AF20FC1C0300B81A11 /* ImageService.swift */; };
		F8F188B420FC22A500B81A11 /* SearchDetailViewController.swift in Sources */ = {isa = PBXBuildFile; fileRef = F8F188B320FC22A500B81A11 /* SearchDetailViewController.swift */; };
/* End PBXBuildFile section */

/* Begin PBXFileReference section */
		F80E537520EB70010017C5A2 /* AppFonts.swift */ = {isa = PBXFileReference; lastKnownFileType = sourcecode.swift; path = AppFonts.swift; sourceTree = "<group>"; };
		F80E537720EB74EF0017C5A2 /* UISearchBar+Styles.swift */ = {isa = PBXFileReference; lastKnownFileType = sourcecode.swift; path = "UISearchBar+Styles.swift"; sourceTree = "<group>"; };
		F80E538020EB84B40017C5A2 /* SearchResultViewModel.swift */ = {isa = PBXFileReference; lastKnownFileType = sourcecode.swift; path = SearchResultViewModel.swift; sourceTree = "<group>"; };
		F80E538620EB85010017C5A2 /* SearchResultsCell.swift */ = {isa = PBXFileReference; lastKnownFileType = sourcecode.swift; path = SearchResultsCell.swift; sourceTree = "<group>"; };
		F80E538720EB85010017C5A2 /* SearchResultsCell.xib */ = {isa = PBXFileReference; lastKnownFileType = file.xib; path = SearchResultsCell.xib; sourceTree = "<group>"; };
		F80E538A20EB85750017C5A2 /* Throttler.swift */ = {isa = PBXFileReference; lastKnownFileType = sourcecode.swift; path = Throttler.swift; sourceTree = "<group>"; };
		F81427F920E0D00A0054890E /* ios-app.app */ = {isa = PBXFileReference; explicitFileType = wrapper.application; includeInIndex = 0; path = "ios-app.app"; sourceTree = BUILT_PRODUCTS_DIR; };
		F81427FC20E0D00A0054890E /* AppDelegate.swift */ = {isa = PBXFileReference; lastKnownFileType = sourcecode.swift; path = AppDelegate.swift; sourceTree = "<group>"; };
		F814280320E0D00B0054890E /* Assets.xcassets */ = {isa = PBXFileReference; lastKnownFileType = folder.assetcatalog; path = Assets.xcassets; sourceTree = "<group>"; };
		F814280620E0D00B0054890E /* Base */ = {isa = PBXFileReference; lastKnownFileType = file.storyboard; name = Base; path = Base.lproj/LaunchScreen.storyboard; sourceTree = "<group>"; };
		F814280820E0D00B0054890E /* Info.plist */ = {isa = PBXFileReference; lastKnownFileType = text.plist.xml; path = Info.plist; sourceTree = "<group>"; };
		F82E83F520F6112F0034AC5B /* AppImage.swift */ = {isa = PBXFileReference; lastKnownFileType = sourcecode.swift; path = AppImage.swift; sourceTree = "<group>"; };
		F86F010220E0D436006A4DD8 /* Coordinator.swift */ = {isa = PBXFileReference; lastKnownFileType = sourcecode.swift; path = Coordinator.swift; sourceTree = "<group>"; };
		F86F010420E0D444006A4DD8 /* AppCoordinator.swift */ = {isa = PBXFileReference; lastKnownFileType = sourcecode.swift; path = AppCoordinator.swift; sourceTree = "<group>"; };
		F86F010820E0D50D006A4DD8 /* WebService.swift */ = {isa = PBXFileReference; lastKnownFileType = sourcecode.swift; path = WebService.swift; sourceTree = "<group>"; };
		F86F010B20E0D70D006A4DD8 /* Dynamic.swift */ = {isa = PBXFileReference; lastKnownFileType = sourcecode.swift; path = Dynamic.swift; sourceTree = "<group>"; };
		F86F011520E0DCB6006A4DD8 /* SearchableViewController.swift */ = {isa = PBXFileReference; lastKnownFileType = sourcecode.swift; path = SearchableViewController.swift; sourceTree = "<group>"; };
		F87FE37820F4B28B00FC657A /* URLRequest+Utilities.swift */ = {isa = PBXFileReference; lastKnownFileType = sourcecode.swift; path = "URLRequest+Utilities.swift"; sourceTree = "<group>"; };
		F87FE37A20F5E5D500FC657A /* SearchResult.swift */ = {isa = PBXFileReference; lastKnownFileType = sourcecode.swift; path = SearchResult.swift; sourceTree = "<group>"; };
		F895B88A20E2056200D7356A /* AppColors.swift */ = {isa = PBXFileReference; lastKnownFileType = sourcecode.swift; path = AppColors.swift; sourceTree = "<group>"; };
		F895B88C20E2094E00D7356A /* SearchListViewModel.swift */ = {isa = PBXFileReference; lastKnownFileType = sourcecode.swift; path = SearchListViewModel.swift; sourceTree = "<group>"; };
		F895B89020E20A4100D7356A /* SearchGroup.swift */ = {isa = PBXFileReference; lastKnownFileType = sourcecode.swift; path = SearchGroup.swift; sourceTree = "<group>"; };
		F895B89220E20E9600D7356A /* Photo.swift */ = {isa = PBXFileReference; lastKnownFileType = sourcecode.swift; path = Photo.swift; sourceTree = "<group>"; };
		F8F1889B20FB1ECB00B81A11 /* UIViewController+Alerts.swift */ = {isa = PBXFileReference; lastKnownFileType = sourcecode.swift; path = "UIViewController+Alerts.swift"; sourceTree = "<group>"; };
		F8F1889D20FB3A3F00B81A11 /* SearchResultsViewController.swift */ = {isa = PBXFileReference; lastKnownFileType = sourcecode.swift; path = SearchResultsViewController.swift; sourceTree = "<group>"; };
		F8F188A220FB4B5800B81A11 /* HomeViewController.swift */ = {isa = PBXFileReference; lastKnownFileType = sourcecode.swift; path = HomeViewController.swift; sourceTree = "<group>"; };
		F8F188AF20FC1C0300B81A11 /* ImageService.swift */ = {isa = PBXFileReference; lastKnownFileType = sourcecode.swift; path = ImageService.swift; sourceTree = "<group>"; };
		F8F188B320FC22A500B81A11 /* SearchDetailViewController.swift */ = {isa = PBXFileReference; lastKnownFileType = sourcecode.swift; path = SearchDetailViewController.swift; sourceTree = "<group>"; };
/* End PBXFileReference section */

/* Begin PBXFrameworksBuildPhase section */
		F81427F620E0D00A0054890E /* Frameworks */ = {
			isa = PBXFrameworksBuildPhase;
			buildActionMask = 2147483647;
			files = (
			);
			runOnlyForDeploymentPostprocessing = 0;
		};
/* End PBXFrameworksBuildPhase section */

/* Begin PBXGroup section */
		F81427F020E0D00A0054890E = {
			isa = PBXGroup;
			children = (
				F81427FB20E0D00A0054890E /* ios-app */,
				F81427FA20E0D00A0054890E /* Products */,
			);
			sourceTree = "<group>";
		};
		F81427FA20E0D00A0054890E /* Products */ = {
			isa = PBXGroup;
			children = (
				F81427F920E0D00A0054890E /* ios-app.app */,
			);
			name = Products;
			sourceTree = "<group>";
		};
		F81427FB20E0D00A0054890E /* ios-app */ = {
			isa = PBXGroup;
			children = (
				F86F00FF20E0D399006A4DD8 /* App Global */,
				F86F010120E0D41E006A4DD8 /* Coordinators */,
				F86F010720E0D4FD006A4DD8 /* Services */,
				F86F011420E0DCA2006A4DD8 /* Views */,
				F86F011220E0DC82006A4DD8 /* Models */,
				F86F011320E0DC95006A4DD8 /* ViewModels */,
				F86F010A20E0D6EB006A4DD8 /* Binding */,
				F895B88920E2054400D7356A /* Utilities */,
				F86F010020E0D3A5006A4DD8 /* Resources */,
			);
			path = "ios-app";
			sourceTree = "<group>";
		};
		F86F00FF20E0D399006A4DD8 /* App Global */ = {
			isa = PBXGroup;
			children = (
				F81427FC20E0D00A0054890E /* AppDelegate.swift */,
				F895B88A20E2056200D7356A /* AppColors.swift */,
				F82E83F520F6112F0034AC5B /* AppImage.swift */,
				F80E537520EB70010017C5A2 /* AppFonts.swift */,
			);
			path = "App Global";
			sourceTree = "<group>";
		};
		F86F010020E0D3A5006A4DD8 /* Resources */ = {
			isa = PBXGroup;
			children = (
				F814280520E0D00B0054890E /* LaunchScreen.storyboard */,
				F814280320E0D00B0054890E /* Assets.xcassets */,
				F814280820E0D00B0054890E /* Info.plist */,
			);
			path = Resources;
			sourceTree = "<group>";
		};
		F86F010120E0D41E006A4DD8 /* Coordinators */ = {
			isa = PBXGroup;
			children = (
				F86F010220E0D436006A4DD8 /* Coordinator.swift */,
				F86F010420E0D444006A4DD8 /* AppCoordinator.swift */,
			);
			path = Coordinators;
			sourceTree = "<group>";
		};
		F86F010720E0D4FD006A4DD8 /* Services */ = {
			isa = PBXGroup;
			children = (
				F86F010820E0D50D006A4DD8 /* WebService.swift */,
				F80E538A20EB85750017C5A2 /* Throttler.swift */,
				F87FE37820F4B28B00FC657A /* URLRequest+Utilities.swift */,
				F8F188AF20FC1C0300B81A11 /* ImageService.swift */,
			);
			path = Services;
			sourceTree = "<group>";
		};
		F86F010A20E0D6EB006A4DD8 /* Binding */ = {
			isa = PBXGroup;
			children = (
				F86F010B20E0D70D006A4DD8 /* Dynamic.swift */,
			);
			path = Binding;
			sourceTree = "<group>";
		};
		F86F011220E0DC82006A4DD8 /* Models */ = {
			isa = PBXGroup;
			children = (
				F895B89020E20A4100D7356A /* SearchGroup.swift */,
				F87FE37A20F5E5D500FC657A /* SearchResult.swift */,
				F895B89220E20E9600D7356A /* Photo.swift */,
			);
			path = Models;
			sourceTree = "<group>";
		};
		F86F011320E0DC95006A4DD8 /* ViewModels */ = {
			isa = PBXGroup;
			children = (
				F895B88C20E2094E00D7356A /* SearchListViewModel.swift */,
				F80E538020EB84B40017C5A2 /* SearchResultViewModel.swift */,
			);
			path = ViewModels;
			sourceTree = "<group>";
		};
		F86F011420E0DCA2006A4DD8 /* Views */ = {
			isa = PBXGroup;
			children = (
				F8F188A420FB4B6200B81A11 /* Home */,
				F8F188A120FB491C00B81A11 /* Search */,
			);
			path = Views;
			sourceTree = "<group>";
		};
		F895B88920E2054400D7356A /* Utilities */ = {
			isa = PBXGroup;
			children = (
				F80E537720EB74EF0017C5A2 /* UISearchBar+Styles.swift */,
				F8F1889B20FB1ECB00B81A11 /* UIViewController+Alerts.swift */,
			);
			path = Utilities;
			sourceTree = "<group>";
		};
		F8F188A120FB491C00B81A11 /* Search */ = {
			isa = PBXGroup;
			children = (
				F8F188AA20FB684A00B81A11 /* Search Controllers */,
				F8F188A920FB641D00B81A11 /* Search Cells */,
			);
			path = Search;
			sourceTree = "<group>";
		};
		F8F188A420FB4B6200B81A11 /* Home */ = {
			isa = PBXGroup;
			children = (
				F8F188A220FB4B5800B81A11 /* HomeViewController.swift */,
			);
			path = Home;
			sourceTree = "<group>";
		};
		F8F188A920FB641D00B81A11 /* Search Cells */ = {
			isa = PBXGroup;
			children = (
				F80E538620EB85010017C5A2 /* SearchResultsCell.swift */,
				F80E538720EB85010017C5A2 /* SearchResultsCell.xib */,
			);
			path = "Search Cells";
			sourceTree = "<group>";
		};
		F8F188AA20FB684A00B81A11 /* Search Controllers */ = {
			isa = PBXGroup;
			children = (
				F86F011520E0DCB6006A4DD8 /* SearchableViewController.swift */,
				F8F1889D20FB3A3F00B81A11 /* SearchResultsViewController.swift */,
				F8F188B320FC22A500B81A11 /* SearchDetailViewController.swift */,
			);
			path = "Search Controllers";
			sourceTree = "<group>";
		};
/* End PBXGroup section */

/* Begin PBXNativeTarget section */
		F81427F820E0D00A0054890E /* ios-app */ = {
			isa = PBXNativeTarget;
			buildConfigurationList = F814280B20E0D00B0054890E /* Build configuration list for PBXNativeTarget "ios-app" */;
			buildPhases = (
				F81427F520E0D00A0054890E /* Sources */,
				F81427F620E0D00A0054890E /* Frameworks */,
				F81427F720E0D00A0054890E /* Resources */,
			);
			buildRules = (
			);
			dependencies = (
			);
			name = "ios-app";
			productName = "ios-app";
			productReference = F81427F920E0D00A0054890E /* ios-app.app */;
			productType = "com.apple.product-type.application";
		};
/* End PBXNativeTarget section */

/* Begin PBXProject section */
		F81427F120E0D00A0054890E /* Project object */ = {
			isa = PBXProject;
			attributes = {
				LastSwiftUpdateCheck = 1000;
				LastUpgradeCheck = 1000;
				ORGANIZATIONNAME = "Vincent Chau";
				TargetAttributes = {
					F81427F820E0D00A0054890E = {
						CreatedOnToolsVersion = 10.0;
					};
				};
			};
			buildConfigurationList = F81427F420E0D00A0054890E /* Build configuration list for PBXProject "ios-app" */;
			compatibilityVersion = "Xcode 9.3";
			developmentRegion = en;
			hasScannedForEncodings = 0;
			knownRegions = (
				en,
				Base,
			);
			mainGroup = F81427F020E0D00A0054890E;
			productRefGroup = F81427FA20E0D00A0054890E /* Products */;
			projectDirPath = "";
			projectRoot = "";
			targets = (
				F81427F820E0D00A0054890E /* ios-app */,
			);
		};
/* End PBXProject section */

/* Begin PBXResourcesBuildPhase section */
		F81427F720E0D00A0054890E /* Resources */ = {
			isa = PBXResourcesBuildPhase;
			buildActionMask = 2147483647;
			files = (
				F814280720E0D00B0054890E /* LaunchScreen.storyboard in Resources */,
				F80E538920EB85010017C5A2 /* SearchResultsCell.xib in Resources */,
				F814280420E0D00B0054890E /* Assets.xcassets in Resources */,
			);
			runOnlyForDeploymentPostprocessing = 0;
		};
/* End PBXResourcesBuildPhase section */

/* Begin PBXSourcesBuildPhase section */
		F81427F520E0D00A0054890E /* Sources */ = {
			isa = PBXSourcesBuildPhase;
			buildActionMask = 2147483647;
			files = (
				F895B89320E20E9600D7356A /* Photo.swift in Sources */,
				F80E537820EB74EF0017C5A2 /* UISearchBar+Styles.swift in Sources */,
				F80E538B20EB85750017C5A2 /* Throttler.swift in Sources */,
				F8F1889E20FB3A3F00B81A11 /* SearchResultsViewController.swift in Sources */,
				F895B89120E20A4100D7356A /* SearchGroup.swift in Sources */,
				F86F010520E0D444006A4DD8 /* AppCoordinator.swift in Sources */,
				F8F188A320FB4B5800B81A11 /* HomeViewController.swift in Sources */,
				F895B88B20E2056200D7356A /* AppColors.swift in Sources */,
				F86F010C20E0D70D006A4DD8 /* Dynamic.swift in Sources */,
				F87FE37920F4B28B00FC657A /* URLRequest+Utilities.swift in Sources */,
				F82E83F620F6112F0034AC5B /* AppImage.swift in Sources */,
				F80E538820EB85010017C5A2 /* SearchResultsCell.swift in Sources */,
				F86F011620E0DCB6006A4DD8 /* SearchableViewController.swift in Sources */,
				F87FE37B20F5E5D500FC657A /* SearchResult.swift in Sources */,
				F80E538120EB84B40017C5A2 /* SearchResultViewModel.swift in Sources */,
				F8F188B020FC1C0300B81A11 /* ImageService.swift in Sources */,
				F86F010320E0D436006A4DD8 /* Coordinator.swift in Sources */,
				F86F010920E0D50D006A4DD8 /* WebService.swift in Sources */,
				F80E537620EB70010017C5A2 /* AppFonts.swift in Sources */,
				F895B88D20E2094E00D7356A /* SearchListViewModel.swift in Sources */,
				F81427FD20E0D00A0054890E /* AppDelegate.swift in Sources */,
				F8F188B420FC22A500B81A11 /* SearchDetailViewController.swift in Sources */,
				F8F1889C20FB1ECB00B81A11 /* UIViewController+Alerts.swift in Sources */,
			);
			runOnlyForDeploymentPostprocessing = 0;
		};
/* End PBXSourcesBuildPhase section */

/* Begin PBXVariantGroup section */
		F814280520E0D00B0054890E /* LaunchScreen.storyboard */ = {
			isa = PBXVariantGroup;
			children = (
				F814280620E0D00B0054890E /* Base */,
			);
			name = LaunchScreen.storyboard;
			sourceTree = "<group>";
		};
/* End PBXVariantGroup section */

/* Begin XCBuildConfiguration section */
		F814280920E0D00B0054890E /* Debug */ = {
			isa = XCBuildConfiguration;
			buildSettings = {
				ALWAYS_SEARCH_USER_PATHS = NO;
				CLANG_ANALYZER_NONNULL = YES;
				CLANG_ANALYZER_NUMBER_OBJECT_CONVERSION = YES_AGGRESSIVE;
				CLANG_CXX_LANGUAGE_STANDARD = "gnu++14";
				CLANG_CXX_LIBRARY = "libc++";
				CLANG_ENABLE_MODULES = YES;
				CLANG_ENABLE_OBJC_ARC = YES;
				CLANG_ENABLE_OBJC_WEAK = YES;
				CLANG_WARN_BLOCK_CAPTURE_AUTORELEASING = YES;
				CLANG_WARN_BOOL_CONVERSION = YES;
				CLANG_WARN_COMMA = YES;
				CLANG_WARN_CONSTANT_CONVERSION = YES;
				CLANG_WARN_DEPRECATED_OBJC_IMPLEMENTATIONS = YES;
				CLANG_WARN_DIRECT_OBJC_ISA_USAGE = YES_ERROR;
				CLANG_WARN_DOCUMENTATION_COMMENTS = YES;
				CLANG_WARN_EMPTY_BODY = YES;
				CLANG_WARN_ENUM_CONVERSION = YES;
				CLANG_WARN_INFINITE_RECURSION = YES;
				CLANG_WARN_INT_CONVERSION = YES;
				CLANG_WARN_NON_LITERAL_NULL_CONVERSION = YES;
				CLANG_WARN_OBJC_IMPLICIT_RETAIN_SELF = YES;
				CLANG_WARN_OBJC_LITERAL_CONVERSION = YES;
				CLANG_WARN_OBJC_ROOT_CLASS = YES_ERROR;
				CLANG_WARN_RANGE_LOOP_ANALYSIS = YES;
				CLANG_WARN_STRICT_PROTOTYPES = YES;
				CLANG_WARN_SUSPICIOUS_MOVE = YES;
				CLANG_WARN_UNGUARDED_AVAILABILITY = YES_AGGRESSIVE;
				CLANG_WARN_UNREACHABLE_CODE = YES;
				CLANG_WARN__DUPLICATE_METHOD_MATCH = YES;
				CODE_SIGN_IDENTITY = "iPhone Developer";
				COPY_PHASE_STRIP = NO;
				DEBUG_INFORMATION_FORMAT = dwarf;
				ENABLE_STRICT_OBJC_MSGSEND = YES;
				ENABLE_TESTABILITY = YES;
				GCC_C_LANGUAGE_STANDARD = gnu11;
				GCC_DYNAMIC_NO_PIC = NO;
				GCC_NO_COMMON_BLOCKS = YES;
				GCC_OPTIMIZATION_LEVEL = 0;
				GCC_PREPROCESSOR_DEFINITIONS = (
					"DEBUG=1",
					"$(inherited)",
				);
				GCC_WARN_64_TO_32_BIT_CONVERSION = YES;
				GCC_WARN_ABOUT_RETURN_TYPE = YES_ERROR;
				GCC_WARN_UNDECLARED_SELECTOR = YES;
				GCC_WARN_UNINITIALIZED_AUTOS = YES_AGGRESSIVE;
				GCC_WARN_UNUSED_FUNCTION = YES;
				GCC_WARN_UNUSED_VARIABLE = YES;
				IPHONEOS_DEPLOYMENT_TARGET = 12.0;
				MTL_ENABLE_DEBUG_INFO = INCLUDE_SOURCE;
				ONLY_ACTIVE_ARCH = YES;
				SDKROOT = iphoneos;
				SWIFT_ACTIVE_COMPILATION_CONDITIONS = DEBUG;
				SWIFT_OPTIMIZATION_LEVEL = "-Onone";
			};
			name = Debug;
		};
		F814280A20E0D00B0054890E /* Release */ = {
			isa = XCBuildConfiguration;
			buildSettings = {
				ALWAYS_SEARCH_USER_PATHS = NO;
				CLANG_ANALYZER_NONNULL = YES;
				CLANG_ANALYZER_NUMBER_OBJECT_CONVERSION = YES_AGGRESSIVE;
				CLANG_CXX_LANGUAGE_STANDARD = "gnu++14";
				CLANG_CXX_LIBRARY = "libc++";
				CLANG_ENABLE_MODULES = YES;
				CLANG_ENABLE_OBJC_ARC = YES;
				CLANG_ENABLE_OBJC_WEAK = YES;
				CLANG_WARN_BLOCK_CAPTURE_AUTORELEASING = YES;
				CLANG_WARN_BOOL_CONVERSION = YES;
				CLANG_WARN_COMMA = YES;
				CLANG_WARN_CONSTANT_CONVERSION = YES;
				CLANG_WARN_DEPRECATED_OBJC_IMPLEMENTATIONS = YES;
				CLANG_WARN_DIRECT_OBJC_ISA_USAGE = YES_ERROR;
				CLANG_WARN_DOCUMENTATION_COMMENTS = YES;
				CLANG_WARN_EMPTY_BODY = YES;
				CLANG_WARN_ENUM_CONVERSION = YES;
				CLANG_WARN_INFINITE_RECURSION = YES;
				CLANG_WARN_INT_CONVERSION = YES;
				CLANG_WARN_NON_LITERAL_NULL_CONVERSION = YES;
				CLANG_WARN_OBJC_IMPLICIT_RETAIN_SELF = YES;
				CLANG_WARN_OBJC_LITERAL_CONVERSION = YES;
				CLANG_WARN_OBJC_ROOT_CLASS = YES_ERROR;
				CLANG_WARN_RANGE_LOOP_ANALYSIS = YES;
				CLANG_WARN_STRICT_PROTOTYPES = YES;
				CLANG_WARN_SUSPICIOUS_MOVE = YES;
				CLANG_WARN_UNGUARDED_AVAILABILITY = YES_AGGRESSIVE;
				CLANG_WARN_UNREACHABLE_CODE = YES;
				CLANG_WARN__DUPLICATE_METHOD_MATCH = YES;
				CODE_SIGN_IDENTITY = "iPhone Developer";
				COPY_PHASE_STRIP = NO;
				DEBUG_INFORMATION_FORMAT = "dwarf-with-dsym";
				ENABLE_NS_ASSERTIONS = NO;
				ENABLE_STRICT_OBJC_MSGSEND = YES;
				GCC_C_LANGUAGE_STANDARD = gnu11;
				GCC_NO_COMMON_BLOCKS = YES;
				GCC_WARN_64_TO_32_BIT_CONVERSION = YES;
				GCC_WARN_ABOUT_RETURN_TYPE = YES_ERROR;
				GCC_WARN_UNDECLARED_SELECTOR = YES;
				GCC_WARN_UNINITIALIZED_AUTOS = YES_AGGRESSIVE;
				GCC_WARN_UNUSED_FUNCTION = YES;
				GCC_WARN_UNUSED_VARIABLE = YES;
				IPHONEOS_DEPLOYMENT_TARGET = 12.0;
				MTL_ENABLE_DEBUG_INFO = NO;
				SDKROOT = iphoneos;
				SWIFT_COMPILATION_MODE = wholemodule;
				SWIFT_OPTIMIZATION_LEVEL = "-O";
				VALIDATE_PRODUCT = YES;
			};
			name = Release;
		};
		F814280C20E0D00B0054890E /* Debug */ = {
			isa = XCBuildConfiguration;
			buildSettings = {
				ASSETCATALOG_COMPILER_APPICON_NAME = AppIcon;
				CODE_SIGN_STYLE = Manual;
				DEVELOPMENT_TEAM = "";
				INFOPLIST_FILE = "$(SRCROOT)/ios-app/Resources/Info.plist";
				IPHONEOS_DEPLOYMENT_TARGET = 11.3;
				LD_RUNPATH_SEARCH_PATHS = (
					"$(inherited)",
					"@executable_path/Frameworks",
				);
				PRODUCT_BUNDLE_IDENTIFIER = "com.chauvincent.ios-app";
				PRODUCT_NAME = "$(TARGET_NAME)";
				PROVISIONING_PROFILE_SPECIFIER = "";
				SWIFT_VERSION = 4.2;
				TARGETED_DEVICE_FAMILY = "1,2";
			};
			name = Debug;
		};
		F814280D20E0D00B0054890E /* Release */ = {
			isa = XCBuildConfiguration;
			buildSettings = {
				ASSETCATALOG_COMPILER_APPICON_NAME = AppIcon;
				CODE_SIGN_STYLE = Manual;
				DEVELOPMENT_TEAM = "";
				INFOPLIST_FILE = "$(SRCROOT)/ios-app/Resources/Info.plist";
				IPHONEOS_DEPLOYMENT_TARGET = 11.3;
				LD_RUNPATH_SEARCH_PATHS = (
					"$(inherited)",
					"@executable_path/Frameworks",
				);
				PRODUCT_BUNDLE_IDENTIFIER = "com.chauvincent.ios-app";
				PRODUCT_NAME = "$(TARGET_NAME)";
				PROVISIONING_PROFILE_SPECIFIER = "";
				SWIFT_VERSION = 4.2;
				TARGETED_DEVICE_FAMILY = "1,2";
			};
			name = Release;
		};
/* End XCBuildConfiguration section */

/* Begin XCConfigurationList section */
		F81427F420E0D00A0054890E /* Build configuration list for PBXProject "ios-app" */ = {
			isa = XCConfigurationList;
			buildConfigurations = (
				F814280920E0D00B0054890E /* Debug */,
				F814280A20E0D00B0054890E /* Release */,
			);
			defaultConfigurationIsVisible = 0;
			defaultConfigurationName = Release;
		};
		F814280B20E0D00B0054890E /* Build configuration list for PBXNativeTarget "ios-app" */ = {
			isa = XCConfigurationList;
			buildConfigurations = (
				F814280C20E0D00B0054890E /* Debug */,
				F814280D20E0D00B0054890E /* Release */,
			);
			defaultConfigurationIsVisible = 0;
			defaultConfigurationName = Release;
		};
/* End XCConfigurationList section */
	};
	rootObject = F81427F120E0D00A0054890E /* Project object */;
}
